// !$*UTF8*$!
{
	archiveVersion = 1;
	classes = {
	};
	objectVersion = 48;
	objects = {

/* Begin PBXBuildFile section */
		D364B6D9200CBA4500AE325A /* AppDelegate.m in Sources */ = {isa = PBXBuildFile; fileRef = D364B6D8200CBA4500AE325A /* AppDelegate.m */; };
		D364B6DC200CBA4500AE325A /* ViewController.m in Sources */ = {isa = PBXBuildFile; fileRef = D364B6DB200CBA4500AE325A /* ViewController.m */; };
		D364B6DF200CBA4500AE325A /* Main.storyboard in Resources */ = {isa = PBXBuildFile; fileRef = D364B6DD200CBA4500AE325A /* Main.storyboard */; };
		D364B6E1200CBA4500AE325A /* Assets.xcassets in Resources */ = {isa = PBXBuildFile; fileRef = D364B6E0200CBA4500AE325A /* Assets.xcassets */; };
		D364B6E4200CBA4500AE325A /* LaunchScreen.storyboard in Resources */ = {isa = PBXBuildFile; fileRef = D364B6E2200CBA4500AE325A /* LaunchScreen.storyboard */; };
		D364B6E7200CBA4500AE325A /* main.m in Sources */ = {isa = PBXBuildFile; fileRef = D364B6E6200CBA4500AE325A /* main.m */; };
		D364B6F2200CBC0C00AE325A /* HKViewController.m in Sources */ = {isa = PBXBuildFile; fileRef = D364B6F1200CBC0C00AE325A /* HKViewController.m */; };
/* End PBXBuildFile section */

/* Begin PBXFileReference section */
		D364B6D4200CBA4500AE325A /* HK_AudioVideoRecoder.app */ = {isa = PBXFileReference; explicitFileType = wrapper.application; includeInIndex = 0; path = HK_AudioVideoRecoder.app; sourceTree = BUILT_PRODUCTS_DIR; };
		D364B6D7200CBA4500AE325A /* AppDelegate.h */ = {isa = PBXFileReference; lastKnownFileType = sourcecode.c.h; path = AppDelegate.h; sourceTree = "<group>"; };
		D364B6D8200CBA4500AE325A /* AppDelegate.m */ = {isa = PBXFileReference; lastKnownFileType = sourcecode.c.objc; path = AppDelegate.m; sourceTree = "<group>"; };
		D364B6DA200CBA4500AE325A /* ViewController.h */ = {isa = PBXFileReference; lastKnownFileType = sourcecode.c.h; path = ViewController.h; sourceTree = "<group>"; };
		D364B6DB200CBA4500AE325A /* ViewController.m */ = {isa = PBXFileReference; lastKnownFileType = sourcecode.c.objc; path = ViewController.m; sourceTree = "<group>"; };
		D364B6DE200CBA4500AE325A /* Base */ = {isa = PBXFileReference; lastKnownFileType = file.storyboard; name = Base; path = Base.lproj/Main.storyboard; sourceTree = "<group>"; };
		D364B6E0200CBA4500AE325A /* Assets.xcassets */ = {isa = PBXFileReference; lastKnownFileType = folder.assetcatalog; path = Assets.xcassets; sourceTree = "<group>"; };
		D364B6E3200CBA4500AE325A /* Base */ = {isa = PBXFileReference; lastKnownFileType = file.storyboard; name = Base; path = Base.lproj/LaunchScreen.storyboard; sourceTree = "<group>"; };
		D364B6E5200CBA4500AE325A /* Info.plist */ = {isa = PBXFileReference; lastKnownFileType = text.plist.xml; path = Info.plist; sourceTree = "<group>"; };
		D364B6E6200CBA4500AE325A /* main.m */ = {isa = PBXFileReference; lastKnownFileType = sourcecode.c.objc; path = main.m; sourceTree = "<group>"; };
		D364B6F0200CBC0C00AE325A /* HKViewController.h */ = {isa = PBXFileReference; lastKnownFileType = sourcecode.c.h; path = HKViewController.h; sourceTree = "<group>"; };
		D364B6F1200CBC0C00AE325A /* HKViewController.m */ = {isa = PBXFileReference; lastKnownFileType = sourcecode.c.objc; path = HKViewController.m; sourceTree = "<group>"; };
/* End PBXFileReference section */

/* Begin PBXFrameworksBuildPhase section */
		D364B6D1200CBA4500AE325A /* Frameworks */ = {
			isa = PBXFrameworksBuildPhase;
			buildActionMask = 2147483647;
			files = (
			);
			runOnlyForDeploymentPostprocessing = 0;
		};
/* End PBXFrameworksBuildPhase section */

/* Begin PBXGroup section */
		D364B6CB200CBA4500AE325A = {
			isa = PBXGroup;
			children = (
				D364B6D6200CBA4500AE325A /* HK_AudioVideoRecoder */,
				D364B6D5200CBA4500AE325A /* Products */,
			);
			sourceTree = "<group>";
		};
		D364B6D5200CBA4500AE325A /* Products */ = {
			isa = PBXGroup;
			children = (
				D364B6D4200CBA4500AE325A /* HK_AudioVideoRecoder.app */,
			);
			name = Products;
			sourceTree = "<group>";
		};
		D364B6D6200CBA4500AE325A /* HK_AudioVideoRecoder */ = {
			isa = PBXGroup;
			children = (
				D364B6D7200CBA4500AE325A /* AppDelegate.h */,
				D364B6D8200CBA4500AE325A /* AppDelegate.m */,
				D364B6DA200CBA4500AE325A /* ViewController.h */,
				D364B6DB200CBA4500AE325A /* ViewController.m */,
				D364B6F0200CBC0C00AE325A /* HKViewController.h */,
				D364B6F1200CBC0C00AE325A /* HKViewController.m */,
				D364B6DD200CBA4500AE325A /* Main.storyboard */,
				D364B6E0200CBA4500AE325A /* Assets.xcassets */,
				D364B6E2200CBA4500AE325A /* LaunchScreen.storyboard */,
				D364B6E5200CBA4500AE325A /* Info.plist */,
				D364B6E6200CBA4500AE325A /* main.m */,
			);
			path = HK_AudioVideoRecoder;
			sourceTree = "<group>";
		};
/* End PBXGroup section */

/* Begin PBXNativeTarget section */
		D364B6D3200CBA4500AE325A /* HK_AudioVideoRecoder */ = {
			isa = PBXNativeTarget;
			buildConfigurationList = D364B6EA200CBA4500AE325A /* Build configuration list for PBXNativeTarget "HK_AudioVideoRecoder" */;
			buildPhases = (
				D364B6D0200CBA4500AE325A /* Sources */,
				D364B6D1200CBA4500AE325A /* Frameworks */,
				D364B6D2200CBA4500AE325A /* Resources */,
			);
			buildRules = (
			);
			dependencies = (
			);
			name = HK_AudioVideoRecoder;
			productName = HK_AudioVideoRecoder;
			productReference = D364B6D4200CBA4500AE325A /* HK_AudioVideoRecoder.app */;
			productType = "com.apple.product-type.application";
		};
/* End PBXNativeTarget section */

/* Begin PBXProject section */
		D364B6CC200CBA4500AE325A /* Project object */ = {
			isa = PBXProject;
			attributes = {
				LastUpgradeCheck = 0920;
				ORGANIZATIONNAME = houke;
				TargetAttributes = {
					D364B6D3200CBA4500AE325A = {
						CreatedOnToolsVersion = 9.2;
						ProvisioningStyle = Automatic;
					};
				};
			};
			buildConfigurationList = D364B6CF200CBA4500AE325A /* Build configuration list for PBXProject "HK_AudioVideoRecoder" */;
			compatibilityVersion = "Xcode 8.0";
			developmentRegion = en;
			hasScannedForEncodings = 0;
			knownRegions = (
				en,
				Base,
			);
			mainGroup = D364B6CB200CBA4500AE325A;
			productRefGroup = D364B6D5200CBA4500AE325A /* Products */;
			projectDirPath = "";
			projectRoot = "";
			targets = (
				D364B6D3200CBA4500AE325A /* HK_AudioVideoRecoder */,
			);
		};
/* End PBXProject section */

/* Begin PBXResourcesBuildPhase section */
		D364B6D2200CBA4500AE325A /* Resources */ = {
			isa = PBXResourcesBuildPhase;
			buildActionMask = 2147483647;
			files = (
				D364B6E4200CBA4500AE325A /* LaunchScreen.storyboard in Resources */,
				D364B6E1200CBA4500AE325A /* Assets.xcassets in Resources */,
				D364B6DF200CBA4500AE325A /* Main.storyboard in Resources */,
			);
			runOnlyForDeploymentPostprocessing = 0;
		};
/* End PBXResourcesBuildPhase section */

/* Begin PBXSourcesBuildPhase section */
		D364B6D0200CBA4500AE325A /* Sources */ = {
			isa = PBXSourcesBuildPhase;
			buildActionMask = 2147483647;
			files = (
				D364B6DC200CBA4500AE325A /* ViewController.m in Sources */,
				D364B6E7200CBA4500AE325A /* main.m in Sources */,
				D364B6D9200CBA4500AE325A /* AppDelegate.m in Sources */,
				D364B6F2200CBC0C00AE325A /* HKViewController.m in Sources */,
			);
			runOnlyForDeploymentPostprocessing = 0;
		};
/* End PBXSourcesBuildPhase section */

/* Begin PBXVariantGroup section */
		D364B6DD200CBA4500AE325A /* Main.storyboard */ = {
			isa = PBXVariantGroup;
			children = (
				D364B6DE200CBA4500AE325A /* Base */,
			);
			name = Main.storyboard;
			sourceTree = "<group>";
		};
		D364B6E2200CBA4500AE325A /* LaunchScreen.storyboard */ = {
			isa = PBXVariantGroup;
			children = (
				D364B6E3200CBA4500AE325A /* Base */,
			);
			name = LaunchScreen.storyboard;
			sourceTree = "<group>";
		};
/* End PBXVariantGroup section */

/* Begin XCBuildConfiguration section */
		D364B6E8200CBA4500AE325A /* Debug */ = {
			isa = XCBuildConfiguration;
			buildSettings = {
				ALWAYS_SEARCH_USER_PATHS = NO;
				CLANG_ANALYZER_NONNULL = YES;
				CLANG_ANALYZER_NUMBER_OBJECT_CONVERSION = YES_AGGRESSIVE;
				CLANG_CXX_LANGUAGE_STANDARD = "gnu++14";
				CLANG_CXX_LIBRARY = "libc++";
				CLANG_ENABLE_MODULES = YES;
				CLANG_ENABLE_OBJC_ARC = YES;
				CLANG_WARN_BLOCK_CAPTURE_AUTORELEASING = YES;
				CLANG_WARN_BOOL_CONVERSION = YES;
				CLANG_WARN_COMMA = YES;
				CLANG_WARN_CONSTANT_CONVERSION = YES;
				CLANG_WARN_DIRECT_OBJC_ISA_USAGE = YES_ERROR;
				CLANG_WARN_DOCUMENTATION_COMMENTS = YES;
				CLANG_WARN_EMPTY_BODY = YES;
				CLANG_WARN_ENUM_CONVERSION = YES;
				CLANG_WARN_INFINITE_RECURSION = YES;
				CLANG_WARN_INT_CONVERSION = YES;
				CLANG_WARN_NON_LITERAL_NULL_CONVERSION = YES;
				CLANG_WARN_OBJC_LITERAL_CONVERSION = YES;
				CLANG_WARN_OBJC_ROOT_CLASS = YES_ERROR;
				CLANG_WARN_RANGE_LOOP_ANALYSIS = YES;
				CLANG_WARN_STRICT_PROTOTYPES = YES;
				CLANG_WARN_SUSPICIOUS_MOVE = YES;
				CLANG_WARN_UNGUARDED_AVAILABILITY = YES_AGGRESSIVE;
				CLANG_WARN_UNREACHABLE_CODE = YES;
				CLANG_WARN__DUPLICATE_METHOD_MATCH = YES;
				CODE_SIGN_IDENTITY = "iPhone Developer";
				COPY_PHASE_STRIP = NO;
				DEBUG_INFORMATION_FORMAT = dwarf;
				ENABLE_STRICT_OBJC_MSGSEND = YES;
				ENABLE_TESTABILITY = YES;
				GCC_C_LANGUAGE_STANDARD = gnu11;
				GCC_DYNAMIC_NO_PIC = NO;
				GCC_NO_COMMON_BLOCKS = YES;
				GCC_OPTIMIZATION_LEVEL = 0;
				GCC_PREPROCESSOR_DEFINITIONS = (
					"DEBUG=1",
					"$(inherited)",
				);
				GCC_WARN_64_TO_32_BIT_CONVERSION = YES;
				GCC_WARN_ABOUT_RETURN_TYPE = YES_ERROR;
				GCC_WARN_UNDECLARED_SELECTOR = YES;
				GCC_WARN_UNINITIALIZED_AUTOS = YES_AGGRESSIVE;
				GCC_WARN_UNUSED_FUNCTION = YES;
				GCC_WARN_UNUSED_VARIABLE = YES;
				IPHONEOS_DEPLOYMENT_TARGET = 11.2;
				MTL_ENABLE_DEBUG_INFO = YES;
				ONLY_ACTIVE_ARCH = YES;
				SDKROOT = iphoneos;
			};
			name = Debug;
		};
		D364B6E9200CBA4500AE325A /* Release */ = {
			isa = XCBuildConfiguration;
			buildSettings = {
				ALWAYS_SEARCH_USER_PATHS = NO;
				CLANG_ANALYZER_NONNULL = YES;
				CLANG_ANALYZER_NUMBER_OBJECT_CONVERSION = YES_AGGRESSIVE;
				CLANG_CXX_LANGUAGE_STANDARD = "gnu++14";
				CLANG_CXX_LIBRARY = "libc++";
				CLANG_ENABLE_MODULES = YES;
				CLANG_ENABLE_OBJC_ARC = YES;
				CLANG_WARN_BLOCK_CAPTURE_AUTORELEASING = YES;
				CLANG_WARN_BOOL_CONVERSION = YES;
				CLANG_WARN_COMMA = YES;
				CLANG_WARN_CONSTANT_CONVERSION = YES;
				CLANG_WARN_DIRECT_OBJC_ISA_USAGE = YES_ERROR;
				CLANG_WARN_DOCUMENTATION_COMMENTS = YES;
				CLANG_WARN_EMPTY_BODY = YES;
				CLANG_WARN_ENUM_CONVERSION = YES;
				CLANG_WARN_INFINITE_RECURSION = YES;
				CLANG_WARN_INT_CONVERSION = YES;
				CLANG_WARN_NON_LITERAL_NULL_CONVERSION = YES;
				CLANG_WARN_OBJC_LITERAL_CONVERSION = YES;
				CLANG_WARN_OBJC_ROOT_CLASS = YES_ERROR;
				CLANG_WARN_RANGE_LOOP_ANALYSIS = YES;
				CLANG_WARN_STRICT_PROTOTYPES = YES;
				CLANG_WARN_SUSPICIOUS_MOVE = YES;
				CLANG_WARN_UNGUARDED_AVAILABILITY = YES_AGGRESSIVE;
				CLANG_WARN_UNREACHABLE_CODE = YES;
				CLANG_WARN__DUPLICATE_METHOD_MATCH = YES;
				CODE_SIGN_IDENTITY = "iPhone Developer";
				COPY_PHASE_STRIP = NO;
				DEBUG_INFORMATION_FORMAT = "dwarf-with-dsym";
				ENABLE_NS_ASSERTIONS = NO;
				ENABLE_STRICT_OBJC_MSGSEND = YES;
				GCC_C_LANGUAGE_STANDARD = gnu11;
				GCC_NO_COMMON_BLOCKS = YES;
				GCC_WARN_64_TO_32_BIT_CONVERSION = YES;
				GCC_WARN_ABOUT_RETURN_TYPE = YES_ERROR;
				GCC_WARN_UNDECLARED_SELECTOR = YES;
				GCC_WARN_UNINITIALIZED_AUTOS = YES_AGGRESSIVE;
				GCC_WARN_UNUSED_FUNCTION = YES;
				GCC_WARN_UNUSED_VARIABLE = YES;
				IPHONEOS_DEPLOYMENT_TARGET = 11.2;
				MTL_ENABLE_DEBUG_INFO = NO;
				SDKROOT = iphoneos;
				VALIDATE_PRODUCT = YES;
			};
			name = Release;
		};
		D364B6EB200CBA4500AE325A /* Debug */ = {
			isa = XCBuildConfiguration;
			buildSettings = {
				ASSETCATALOG_COMPILER_APPICON_NAME = AppIcon;
				CODE_SIGN_STYLE = Automatic;
				DEVELOPMENT_TEAM = 3HLB9VXZD6;
				INFOPLIST_FILE = HK_AudioVideoRecoder/Info.plist;
				IPHONEOS_DEPLOYMENT_TARGET = 10.0;
				LD_RUNPATH_SEARCH_PATHS = "$(inherited) @executable_path/Frameworks";
				PRODUCT_BUNDLE_IDENTIFIER = "com.houke.HK-AudioVideoRecoder";
				PRODUCT_NAME = "$(TARGET_NAME)";
				TARGETED_DEVICE_FAMILY = "1,2";
			};
			name = Debug;
		};
		D364B6EC200CBA4500AE325A /* Release */ = {
			isa = XCBuildConfiguration;
			buildSettings = {
				ASSETCATALOG_COMPILER_APPICON_NAME = AppIcon;
				CODE_SIGN_STYLE = Automatic;
				DEVELOPMENT_TEAM = 3HLB9VXZD6;
				INFOPLIST_FILE = HK_AudioVideoRecoder/Info.plist;
				IPHONEOS_DEPLOYMENT_TARGET = 10.0;
				LD_RUNPATH_SEARCH_PATHS = "$(inherited) @executable_path/Frameworks";
				PRODUCT_BUNDLE_IDENTIFIER = "com.houke.HK-AudioVideoRecoder";
				PRODUCT_NAME = "$(TARGET_NAME)";
				TARGETED_DEVICE_FAMILY = "1,2";
			};
			name = Release;
		};
/* End XCBuildConfiguration section */

/* Begin XCConfigurationList section */
		D364B6CF200CBA4500AE325A /* Build configuration list for PBXProject "HK_AudioVideoRecoder" */ = {
			isa = XCConfigurationList;
			buildConfigurations = (
				D364B6E8200CBA4500AE325A /* Debug */,
				D364B6E9200CBA4500AE325A /* Release */,
			);
			defaultConfigurationIsVisible = 0;
			defaultConfigurationName = Release;
		};
		D364B6EA200CBA4500AE325A /* Build configuration list for PBXNativeTarget "HK_AudioVideoRecoder" */ = {
			isa = XCConfigurationList;
			buildConfigurations = (
				D364B6EB200CBA4500AE325A /* Debug */,
				D364B6EC200CBA4500AE325A /* Release */,
			);
			defaultConfigurationIsVisible = 0;
			defaultConfigurationName = Release;
		};
/* End XCConfigurationList section */
	};
	rootObject = D364B6CC200CBA4500AE325A /* Project object */;
}
